github.com/hywqc/bpfkit v0.0.0-20210712103351-177177412a67 h1:AH9OknFoNlVF2we3WAiB26O9wZ3m4kdEtvXRMNnb3go=
github.com/hywqc/bpfkit/goebpf v0.0.0-20210712103351-177177412a67 h1:r5puXqEnFm9wywTDe3eypQHZi2K0F9Bs38JcuMFtDyY=
github.com/hywqc/bpfkit/goebpf v0.0.0-20210712103351-177177412a67/go.mod h1:k9xAyCwNEdTo3A3f2X/zLhQCtggX0PdD+xbAUoboJEo=
